// !$*UTF8*$!
{
	archiveVersion = 1;
	classes = {
	};
	objectVersion = 50;
	objects = {

/* Begin PBXBuildFile section */
		DAE4ABD226BB2544003FBD44 /* AppDelegate.swift in Sources */ = {isa = PBXBuildFile; fileRef = DAE4ABD126BB2544003FBD44 /* AppDelegate.swift */; };
		DAE4ABD426BB2544003FBD44 /* SceneDelegate.swift in Sources */ = {isa = PBXBuildFile; fileRef = DAE4ABD326BB2544003FBD44 /* SceneDelegate.swift */; };
		DAE4ABD626BB2544003FBD44 /* ViewController.swift in Sources */ = {isa = PBXBuildFile; fileRef = DAE4ABD526BB2544003FBD44 /* ViewController.swift */; };
		DAE4ABD926BB2544003FBD44 /* Main.storyboard in Resources */ = {isa = PBXBuildFile; fileRef = DAE4ABD726BB2544003FBD44 /* Main.storyboard */; };
		DAE4ABDB26BB2546003FBD44 /* Assets.xcassets in Resources */ = {isa = PBXBuildFile; fileRef = DAE4ABDA26BB2546003FBD44 /* Assets.xcassets */; };
		DAE4ABDE26BB2546003FBD44 /* LaunchScreen.storyboard in Resources */ = {isa = PBXBuildFile; fileRef = DAE4ABDC26BB2546003FBD44 /* LaunchScreen.storyboard */; };
/* End PBXBuildFile section */

/* Begin PBXFileReference section */
		DAE4ABCE26BB2544003FBD44 /* rijksmuseum.app */ = {isa = PBXFileReference; explicitFileType = wrapper.application; includeInIndex = 0; path = rijksmuseum.app; sourceTree = BUILT_PRODUCTS_DIR; };
		DAE4ABD126BB2544003FBD44 /* AppDelegate.swift */ = {isa = PBXFileReference; lastKnownFileType = sourcecode.swift; path = AppDelegate.swift; sourceTree = "<group>"; };
		DAE4ABD326BB2544003FBD44 /* SceneDelegate.swift */ = {isa = PBXFileReference; lastKnownFileType = sourcecode.swift; path = SceneDelegate.swift; sourceTree = "<group>"; };
		DAE4ABD526BB2544003FBD44 /* ViewController.swift */ = {isa = PBXFileReference; lastKnownFileType = sourcecode.swift; path = ViewController.swift; sourceTree = "<group>"; };
		DAE4ABD826BB2544003FBD44 /* Base */ = {isa = PBXFileReference; lastKnownFileType = file.storyboard; name = Base; path = Base.lproj/Main.storyboard; sourceTree = "<group>"; };
		DAE4ABDA26BB2546003FBD44 /* Assets.xcassets */ = {isa = PBXFileReference; lastKnownFileType = folder.assetcatalog; path = Assets.xcassets; sourceTree = "<group>"; };
		DAE4ABDD26BB2546003FBD44 /* Base */ = {isa = PBXFileReference; lastKnownFileType = file.storyboard; name = Base; path = Base.lproj/LaunchScreen.storyboard; sourceTree = "<group>"; };
		DAE4ABDF26BB2546003FBD44 /* Info.plist */ = {isa = PBXFileReference; lastKnownFileType = text.plist.xml; path = Info.plist; sourceTree = "<group>"; };
/* End PBXFileReference section */

/* Begin PBXFrameworksBuildPhase section */
		DAE4ABCB26BB2544003FBD44 /* Frameworks */ = {
			isa = PBXFrameworksBuildPhase;
			buildActionMask = 2147483647;
			files = (
			);
			runOnlyForDeploymentPostprocessing = 0;
		};
/* End PBXFrameworksBuildPhase section */

/* Begin PBXGroup section */
		DAE4ABC526BB2543003FBD44 = {
			isa = PBXGroup;
			children = (
				DAE4ABD026BB2544003FBD44 /* rijksmuseum */,
				DAE4ABCF26BB2544003FBD44 /* Products */,
			);
			sourceTree = "<group>";
		};
		DAE4ABCF26BB2544003FBD44 /* Products */ = {
			isa = PBXGroup;
			children = (
				DAE4ABCE26BB2544003FBD44 /* rijksmuseum.app */,
			);
			name = Products;
			sourceTree = "<group>";
		};
		DAE4ABD026BB2544003FBD44 /* rijksmuseum */ = {
			isa = PBXGroup;
			children = (
				DAE4ABD126BB2544003FBD44 /* AppDelegate.swift */,
				DAE4ABD326BB2544003FBD44 /* SceneDelegate.swift */,
				DAE4ABD526BB2544003FBD44 /* ViewController.swift */,
				DAE4ABD726BB2544003FBD44 /* Main.storyboard */,
				DAE4ABDA26BB2546003FBD44 /* Assets.xcassets */,
				DAE4ABDC26BB2546003FBD44 /* LaunchScreen.storyboard */,
				DAE4ABDF26BB2546003FBD44 /* Info.plist */,
			);
			path = rijksmuseum;
			sourceTree = "<group>";
		};
/* End PBXGroup section */

/* Begin PBXNativeTarget section */
		DAE4ABCD26BB2544003FBD44 /* rijksmuseum */ = {
			isa = PBXNativeTarget;
			buildConfigurationList = DAE4ABE226BB2546003FBD44 /* Build configuration list for PBXNativeTarget "rijksmuseum" */;
			buildPhases = (
				DAE4ABCA26BB2544003FBD44 /* Sources */,
				DAE4ABCB26BB2544003FBD44 /* Frameworks */,
				DAE4ABCC26BB2544003FBD44 /* Resources */,
			);
			buildRules = (
			);
			dependencies = (
			);
			name = rijksmuseum;
			productName = rijksmuseum;
			productReference = DAE4ABCE26BB2544003FBD44 /* rijksmuseum.app */;
			productType = "com.apple.product-type.application";
		};
/* End PBXNativeTarget section */

/* Begin PBXProject section */
		DAE4ABC626BB2543003FBD44 /* Project object */ = {
			isa = PBXProject;
			attributes = {
				LastSwiftUpdateCheck = 1250;
				LastUpgradeCheck = 1250;
				TargetAttributes = {
					DAE4ABCD26BB2544003FBD44 = {
						CreatedOnToolsVersion = 12.5.1;
					};
				};
			};
			buildConfigurationList = DAE4ABC926BB2544003FBD44 /* Build configuration list for PBXProject "rijksmuseum" */;
			compatibilityVersion = "Xcode 9.3";
			developmentRegion = en;
			hasScannedForEncodings = 0;
			knownRegions = (
				en,
				Base,
			);
			mainGroup = DAE4ABC526BB2543003FBD44;
			productRefGroup = DAE4ABCF26BB2544003FBD44 /* Products */;
			projectDirPath = "";
			projectRoot = "";
			targets = (
				DAE4ABCD26BB2544003FBD44 /* rijksmuseum */,
			);
		};
/* End PBXProject section */

/* Begin PBXResourcesBuildPhase section */
		DAE4ABCC26BB2544003FBD44 /* Resources */ = {
			isa = PBXResourcesBuildPhase;
			buildActionMask = 2147483647;
			files = (
				DAE4ABDE26BB2546003FBD44 /* LaunchScreen.storyboard in Resources */,
				DAE4ABDB26BB2546003FBD44 /* Assets.xcassets in Resources */,
				DAE4ABD926BB2544003FBD44 /* Main.storyboard in Resources */,
			);
			runOnlyForDeploymentPostprocessing = 0;
		};
/* End PBXResourcesBuildPhase section */

/* Begin PBXSourcesBuildPhase section */
		DAE4ABCA26BB2544003FBD44 /* Sources */ = {
			isa = PBXSourcesBuildPhase;
			buildActionMask = 2147483647;
			files = (
				DAE4ABD626BB2544003FBD44 /* ViewController.swift in Sources */,
				DAE4ABD226BB2544003FBD44 /* AppDelegate.swift in Sources */,
				DAE4ABD426BB2544003FBD44 /* SceneDelegate.swift in Sources */,
			);
			runOnlyForDeploymentPostprocessing = 0;
		};
/* End PBXSourcesBuildPhase section */

/* Begin PBXVariantGroup section */
		DAE4ABD726BB2544003FBD44 /* Main.storyboard */ = {
			isa = PBXVariantGroup;
			children = (
				DAE4ABD826BB2544003FBD44 /* Base */,
			);
			name = Main.storyboard;
			sourceTree = "<group>";
		};
		DAE4ABDC26BB2546003FBD44 /* LaunchScreen.storyboard */ = {
			isa = PBXVariantGroup;
			children = (
				DAE4ABDD26BB2546003FBD44 /* Base */,
			);
			name = LaunchScreen.storyboard;
			sourceTree = "<group>";
		};
/* End PBXVariantGroup section */

/* Begin XCBuildConfiguration section */
		DAE4ABE026BB2546003FBD44 /* Debug */ = {
			isa = XCBuildConfiguration;
			buildSettings = {
				ALWAYS_SEARCH_USER_PATHS = NO;
				CLANG_ANALYZER_NONNULL = YES;
				CLANG_ANALYZER_NUMBER_OBJECT_CONVERSION = YES_AGGRESSIVE;
				CLANG_CXX_LANGUAGE_STANDARD = "gnu++14";
				CLANG_CXX_LIBRARY = "libc++";
				CLANG_ENABLE_MODULES = YES;
				CLANG_ENABLE_OBJC_ARC = YES;
				CLANG_ENABLE_OBJC_WEAK = YES;
				CLANG_WARN_BLOCK_CAPTURE_AUTORELEASING = YES;
				CLANG_WARN_BOOL_CONVERSION = YES;
				CLANG_WARN_COMMA = YES;
				CLANG_WARN_CONSTANT_CONVERSION = YES;
				CLANG_WARN_DEPRECATED_OBJC_IMPLEMENTATIONS = YES;
				CLANG_WARN_DIRECT_OBJC_ISA_USAGE = YES_ERROR;
				CLANG_WARN_DOCUMENTATION_COMMENTS = YES;
				CLANG_WARN_EMPTY_BODY = YES;
				CLANG_WARN_ENUM_CONVERSION = YES;
				CLANG_WARN_INFINITE_RECURSION = YES;
				CLANG_WARN_INT_CONVERSION = YES;
				CLANG_WARN_NON_LITERAL_NULL_CONVERSION = YES;
				CLANG_WARN_OBJC_IMPLICIT_RETAIN_SELF = YES;
				CLANG_WARN_OBJC_LITERAL_CONVERSION = YES;
				CLANG_WARN_OBJC_ROOT_CLASS = YES_ERROR;
				CLANG_WARN_QUOTED_INCLUDE_IN_FRAMEWORK_HEADER = YES;
				CLANG_WARN_RANGE_LOOP_ANALYSIS = YES;
				CLANG_WARN_STRICT_PROTOTYPES = YES;
				CLANG_WARN_SUSPICIOUS_MOVE = YES;
				CLANG_WARN_UNGUARDED_AVAILABILITY = YES_AGGRESSIVE;
				CLANG_WARN_UNREACHABLE_CODE = YES;
				CLANG_WARN__DUPLICATE_METHOD_MATCH = YES;
				COPY_PHASE_STRIP = NO;
				DEBUG_INFORMATION_FORMAT = dwarf;
				ENABLE_STRICT_OBJC_MSGSEND = YES;
				ENABLE_TESTABILITY = YES;
				GCC_C_LANGUAGE_STANDARD = gnu11;
				GCC_DYNAMIC_NO_PIC = NO;
				GCC_NO_COMMON_BLOCKS = YES;
				GCC_OPTIMIZATION_LEVEL = 0;
				GCC_PREPROCESSOR_DEFINITIONS = (
					"DEBUG=1",
					"$(inherited)",
				);
				GCC_WARN_64_TO_32_BIT_CONVERSION = YES;
				GCC_WARN_ABOUT_RETURN_TYPE = YES_ERROR;
				GCC_WARN_UNDECLARED_SELECTOR = YES;
				GCC_WARN_UNINITIALIZED_AUTOS = YES_AGGRESSIVE;
				GCC_WARN_UNUSED_FUNCTION = YES;
				GCC_WARN_UNUSED_VARIABLE = YES;
				IPHONEOS_DEPLOYMENT_TARGET = 14.5;
				MTL_ENABLE_DEBUG_INFO = INCLUDE_SOURCE;
				MTL_FAST_MATH = YES;
				ONLY_ACTIVE_ARCH = YES;
				SDKROOT = iphoneos;
				SWIFT_ACTIVE_COMPILATION_CONDITIONS = DEBUG;
				SWIFT_OPTIMIZATION_LEVEL = "-Onone";
			};
			name = Debug;
		};
		DAE4ABE126BB2546003FBD44 /* Release */ = {
			isa = XCBuildConfiguration;
			buildSettings = {
				ALWAYS_SEARCH_USER_PATHS = NO;
				CLANG_ANALYZER_NONNULL = YES;
				CLANG_ANALYZER_NUMBER_OBJECT_CONVERSION = YES_AGGRESSIVE;
				CLANG_CXX_LANGUAGE_STANDARD = "gnu++14";
				CLANG_CXX_LIBRARY = "libc++";
				CLANG_ENABLE_MODULES = YES;
				CLANG_ENABLE_OBJC_ARC = YES;
				CLANG_ENABLE_OBJC_WEAK = YES;
				CLANG_WARN_BLOCK_CAPTURE_AUTORELEASING = YES;
				CLANG_WARN_BOOL_CONVERSION = YES;
				CLANG_WARN_COMMA = YES;
				CLANG_WARN_CONSTANT_CONVERSION = YES;
				CLANG_WARN_DEPRECATED_OBJC_IMPLEMENTATIONS = YES;
				CLANG_WARN_DIRECT_OBJC_ISA_USAGE = YES_ERROR;
				CLANG_WARN_DOCUMENTATION_COMMENTS = YES;
				CLANG_WARN_EMPTY_BODY = YES;
				CLANG_WARN_ENUM_CONVERSION = YES;
				CLANG_WARN_INFINITE_RECURSION = YES;
				CLANG_WARN_INT_CONVERSION = YES;
				CLANG_WARN_NON_LITERAL_NULL_CONVERSION = YES;
				CLANG_WARN_OBJC_IMPLICIT_RETAIN_SELF = YES;
				CLANG_WARN_OBJC_LITERAL_CONVERSION = YES;
				CLANG_WARN_OBJC_ROOT_CLASS = YES_ERROR;
				CLANG_WARN_QUOTED_INCLUDE_IN_FRAMEWORK_HEADER = YES;
				CLANG_WARN_RANGE_LOOP_ANALYSIS = YES;
				CLANG_WARN_STRICT_PROTOTYPES = YES;
				CLANG_WARN_SUSPICIOUS_MOVE = YES;
				CLANG_WARN_UNGUARDED_AVAILABILITY = YES_AGGRESSIVE;
				CLANG_WARN_UNREACHABLE_CODE = YES;
				CLANG_WARN__DUPLICATE_METHOD_MATCH = YES;
				COPY_PHASE_STRIP = NO;
				DEBUG_INFORMATION_FORMAT = "dwarf-with-dsym";
				ENABLE_NS_ASSERTIONS = NO;
				ENABLE_STRICT_OBJC_MSGSEND = YES;
				GCC_C_LANGUAGE_STANDARD = gnu11;
				GCC_NO_COMMON_BLOCKS = YES;
				GCC_WARN_64_TO_32_BIT_CONVERSION = YES;
				GCC_WARN_ABOUT_RETURN_TYPE = YES_ERROR;
				GCC_WARN_UNDECLARED_SELECTOR = YES;
				GCC_WARN_UNINITIALIZED_AUTOS = YES_AGGRESSIVE;
				GCC_WARN_UNUSED_FUNCTION = YES;
				GCC_WARN_UNUSED_VARIABLE = YES;
				IPHONEOS_DEPLOYMENT_TARGET = 14.5;
				MTL_ENABLE_DEBUG_INFO = NO;
				MTL_FAST_MATH = YES;
				SDKROOT = iphoneos;
				SWIFT_COMPILATION_MODE = wholemodule;
				SWIFT_OPTIMIZATION_LEVEL = "-O";
				VALIDATE_PRODUCT = YES;
			};
			name = Release;
		};
		DAE4ABE326BB2546003FBD44 /* Debug */ = {
			isa = XCBuildConfiguration;
			buildSettings = {
				ASSETCATALOG_COMPILER_APPICON_NAME = AppIcon;
				ASSETCATALOG_COMPILER_GLOBAL_ACCENT_COLOR_NAME = AccentColor;
				CODE_SIGN_STYLE = Automatic;
				DEVELOPMENT_TEAM = GD7GT762TS;
				INFOPLIST_FILE = rijksmuseum/Info.plist;
				LD_RUNPATH_SEARCH_PATHS = (
					"$(inherited)",
					"@executable_path/Frameworks",
				);
				PRODUCT_BUNDLE_IDENTIFIER = com.normprojects.rijksmuseum;
				PRODUCT_NAME = "$(TARGET_NAME)";
				SWIFT_VERSION = 5.0;
				TARGETED_DEVICE_FAMILY = "1,2";
			};
			name = Debug;
		};
		DAE4ABE426BB2546003FBD44 /* Release */ = {
			isa = XCBuildConfiguration;
			buildSettings = {
				ASSETCATALOG_COMPILER_APPICON_NAME = AppIcon;
				ASSETCATALOG_COMPILER_GLOBAL_ACCENT_COLOR_NAME = AccentColor;
				CODE_SIGN_STYLE = Automatic;
				DEVELOPMENT_TEAM = GD7GT762TS;
				INFOPLIST_FILE = rijksmuseum/Info.plist;
				LD_RUNPATH_SEARCH_PATHS = (
					"$(inherited)",
					"@executable_path/Frameworks",
				);
				PRODUCT_BUNDLE_IDENTIFIER = com.normprojects.rijksmuseum;
				PRODUCT_NAME = "$(TARGET_NAME)";
				SWIFT_VERSION = 5.0;
				TARGETED_DEVICE_FAMILY = "1,2";
			};
			name = Release;
		};
/* End XCBuildConfiguration section */

/* Begin XCConfigurationList section */
		DAE4ABC926BB2544003FBD44 /* Build configuration list for PBXProject "rijksmuseum" */ = {
			isa = XCConfigurationList;
			buildConfigurations = (
				DAE4ABE026BB2546003FBD44 /* Debug */,
				DAE4ABE126BB2546003FBD44 /* Release */,
			);
			defaultConfigurationIsVisible = 0;
			defaultConfigurationName = Release;
		};
		DAE4ABE226BB2546003FBD44 /* Build configuration list for PBXNativeTarget "rijksmuseum" */ = {
			isa = XCConfigurationList;
			buildConfigurations = (
				DAE4ABE326BB2546003FBD44 /* Debug */,
				DAE4ABE426BB2546003FBD44 /* Release */,
			);
			defaultConfigurationIsVisible = 0;
			defaultConfigurationName = Release;
		};
/* End XCConfigurationList section */
	};
	rootObject = DAE4ABC626BB2543003FBD44 /* Project object */;
}
